
Microsoft Visual Studio Solution File, Format Version 12.00
# Visual Studio 2012
Project("{FAE04EC0-301F-11D3-BF4B-00C04F79EFBC}") = "StrategyPattern", "StrategyPattern\StrategyPattern.csproj", "{BF82FB21-EE6A-47DF-A8CD-225DAC672A6D}"
EndProject
Global
	GlobalSection(SolutionConfigurationPlatforms) = preSolution
		Debug|Any CPU = Debug|Any CPU
		Release|Any CPU = Release|Any CPU
	EndGlobalSection
	GlobalSection(ProjectConfigurationPlatforms) = postSolution
		{BF82FB21-EE6A-47DF-A8CD-225DAC672A6D}.Debug|Any CPU.ActiveCfg = Debug|Any CPU
		{BF82FB21-EE6A-47DF-A8CD-225DAC672A6D}.Debug|Any CPU.Build.0 = Debug|Any CPU
		{BF82FB21-EE6A-47DF-A8CD-225DAC672A6D}.Release|Any CPU.ActiveCfg = Release|Any CPU
		{BF82FB21-EE6A-47DF-A8CD-225DAC672A6D}.Release|Any CPU.Build.0 = Release|Any CPU
	EndGlobalSection
	GlobalSection(SolutionProperties) = preSolution
		HideSolutionNode = FALSE
	EndGlobalSection
EndGlobal
